{
  "name": "jmatrix",
  "version": "1.0.0",
  "lockfileVersion": 3,
  "requires": true,
  "packages": {
    "": {
      "name": "jmatrix",
      "version": "1.0.0",
      "license": "ISC",
      "dependencies": {
        "ansis": "^3.4.0"
      }
    },
    "node_modules/ansis": {
      "version": "3.4.0",
      "resolved": "https://registry.npmjs.org/ansis/-/ansis-3.4.0.tgz",
      "integrity": "sha512-zVESKSQhWaPhGaWiKj1k+UqvpC7vPBBgG3hjQEeIx2YGzylWt8qA3ziAzRuUtm0OnaGsZKjIvfl8D/sJTt/I0w==",
      "license": "ISC",
      "engines": {
        "node": ">=16"
      }
    }
  }
}
